PODS:
  - Flutter (1.0.0)
  - flutter_aj_qrscan (0.0.1):
    - Flutter
    - MTBBarcodeScanner
  - MTBBarcodeScanner (5.0.9)

DEPENDENCIES:
  - Flutter (from `.symlinks/flutter/ios`)
  - flutter_aj_qrscan (from `.symlinks/plugins/flutter_aj_qrscan/ios`)

SPEC REPOS:
  https://github.com/cocoapods/specs.git:
    - MTBBarcodeScanner

EXTERNAL SOURCES:
  Flutter:
    :path: ".symlinks/flutter/ios"
  flutter_aj_qrscan:
    :path: ".symlinks/plugins/flutter_aj_qrscan/ios"

SPEC CHECKSUMS:
  Flutter: 9d0fac939486c9aba2809b7982dfdbb47a7b0296
  flutter_aj_qrscan: a00befcdf9e4797adce5f76fef1dbf6c47ffef98
  MTBBarcodeScanner: 2ce0cc045a584467e62a383fcd25f1b4adeb2779

PODFILE CHECKSUM: aff02bfeed411c636180d6812254b2daeea14d09

COCOAPODS: 1.5.3
