PODS:
  - Flutter (1.0.0)
  - flutter_aj_qrscan (0.0.1):
    - Flutter

DEPENDENCIES:
  - Flutter (from `.symlinks/flutter/ios`)
  - flutter_aj_qrscan (from `.symlinks/plugins/flutter_aj_qrscan/ios`)

EXTERNAL SOURCES:
  Flutter:
    :path: ".symlinks/flutter/ios"
  flutter_aj_qrscan:
    :path: ".symlinks/plugins/flutter_aj_qrscan/ios"

SPEC CHECKSUMS:
  Flutter: 9d0fac939486c9aba2809b7982dfdbb47a7b0296
  flutter_aj_qrscan: c058a05679cbe27d48d048f0f603467c8a97a4be

PODFILE CHECKSUM: ebd43b443038e611b86ede96e613bd6033c49497

COCOAPODS: 1.5.3
